// !$*UTF8*$!
{
	archiveVersion = 1;
	classes = {
	};
	objectVersion = 50;
	objects = {

/* Begin PBXBuildFile section */
		A4137EDC228D806700F30546 /* AppDelegate.swift in Sources */ = {isa = PBXBuildFile; fileRef = A4137EDB228D806700F30546 /* AppDelegate.swift */; };
		A4137EDE228D806700F30546 /* ViewController.swift in Sources */ = {isa = PBXBuildFile; fileRef = A4137EDD228D806700F30546 /* ViewController.swift */; };
		A4137EE1228D806700F30546 /* Main.storyboard in Resources */ = {isa = PBXBuildFile; fileRef = A4137EDF228D806700F30546 /* Main.storyboard */; };
		A4137EE3228D806800F30546 /* Assets.xcassets in Resources */ = {isa = PBXBuildFile; fileRef = A4137EE2228D806800F30546 /* Assets.xcassets */; };
		A4137EE6228D806800F30546 /* LaunchScreen.storyboard in Resources */ = {isa = PBXBuildFile; fileRef = A4137EE4228D806800F30546 /* LaunchScreen.storyboard */; };
		A4137EEE228D817E00F30546 /* OrderTVC.swift in Sources */ = {isa = PBXBuildFile; fileRef = A4137EED228D817E00F30546 /* OrderTVC.swift */; };
		A4137EF0228D819100F30546 /* InsertTVC.swift in Sources */ = {isa = PBXBuildFile; fileRef = A4137EEF228D819100F30546 /* InsertTVC.swift */; };
		A4137EF2228D843100F30546 /* Order.swift in Sources */ = {isa = PBXBuildFile; fileRef = A4137EF1228D843100F30546 /* Order.swift */; };
		A4635BEF228FD9ED000FC0F2 /* UpdataTVC.swift in Sources */ = {isa = PBXBuildFile; fileRef = A4635BEE228FD9ED000FC0F2 /* UpdataTVC.swift */; };
/* End PBXBuildFile section */

/* Begin PBXFileReference section */
		A4137ED8228D806700F30546 /* Orderdrink.app */ = {isa = PBXFileReference; explicitFileType = wrapper.application; includeInIndex = 0; path = Orderdrink.app; sourceTree = BUILT_PRODUCTS_DIR; };
		A4137EDB228D806700F30546 /* AppDelegate.swift */ = {isa = PBXFileReference; lastKnownFileType = sourcecode.swift; path = AppDelegate.swift; sourceTree = "<group>"; };
		A4137EDD228D806700F30546 /* ViewController.swift */ = {isa = PBXFileReference; lastKnownFileType = sourcecode.swift; path = ViewController.swift; sourceTree = "<group>"; };
		A4137EE0228D806700F30546 /* Base */ = {isa = PBXFileReference; lastKnownFileType = file.storyboard; name = Base; path = Base.lproj/Main.storyboard; sourceTree = "<group>"; };
		A4137EE2228D806800F30546 /* Assets.xcassets */ = {isa = PBXFileReference; lastKnownFileType = folder.assetcatalog; path = Assets.xcassets; sourceTree = "<group>"; };
		A4137EE5228D806800F30546 /* Base */ = {isa = PBXFileReference; lastKnownFileType = file.storyboard; name = Base; path = Base.lproj/LaunchScreen.storyboard; sourceTree = "<group>"; };
		A4137EE7228D806800F30546 /* Info.plist */ = {isa = PBXFileReference; lastKnownFileType = text.plist.xml; path = Info.plist; sourceTree = "<group>"; };
		A4137EED228D817E00F30546 /* OrderTVC.swift */ = {isa = PBXFileReference; lastKnownFileType = sourcecode.swift; path = OrderTVC.swift; sourceTree = "<group>"; };
		A4137EEF228D819100F30546 /* InsertTVC.swift */ = {isa = PBXFileReference; lastKnownFileType = sourcecode.swift; path = InsertTVC.swift; sourceTree = "<group>"; };
		A4137EF1228D843100F30546 /* Order.swift */ = {isa = PBXFileReference; lastKnownFileType = sourcecode.swift; path = Order.swift; sourceTree = "<group>"; };
		A4635BEE228FD9ED000FC0F2 /* UpdataTVC.swift */ = {isa = PBXFileReference; lastKnownFileType = sourcecode.swift; path = UpdataTVC.swift; sourceTree = "<group>"; };
/* End PBXFileReference section */

/* Begin PBXFrameworksBuildPhase section */
		A4137ED5228D806700F30546 /* Frameworks */ = {
			isa = PBXFrameworksBuildPhase;
			buildActionMask = 2147483647;
			files = (
			);
			runOnlyForDeploymentPostprocessing = 0;
		};
/* End PBXFrameworksBuildPhase section */

/* Begin PBXGroup section */
		A4137ECF228D806700F30546 = {
			isa = PBXGroup;
			children = (
				A4137EDA228D806700F30546 /* Orderdrink */,
				A4137ED9228D806700F30546 /* Products */,
			);
			sourceTree = "<group>";
		};
		A4137ED9228D806700F30546 /* Products */ = {
			isa = PBXGroup;
			children = (
				A4137ED8228D806700F30546 /* Orderdrink.app */,
			);
			name = Products;
			sourceTree = "<group>";
		};
		A4137EDA228D806700F30546 /* Orderdrink */ = {
			isa = PBXGroup;
			children = (
				A4137EDB228D806700F30546 /* AppDelegate.swift */,
				A4137EDD228D806700F30546 /* ViewController.swift */,
				A4137EEF228D819100F30546 /* InsertTVC.swift */,
				A4137EDF228D806700F30546 /* Main.storyboard */,
				A4137EED228D817E00F30546 /* OrderTVC.swift */,
				A4635BEE228FD9ED000FC0F2 /* UpdataTVC.swift */,
				A4137EF1228D843100F30546 /* Order.swift */,
				A4137EE2228D806800F30546 /* Assets.xcassets */,
				A4137EE4228D806800F30546 /* LaunchScreen.storyboard */,
				A4137EE7228D806800F30546 /* Info.plist */,
			);
			path = Orderdrink;
			sourceTree = "<group>";
		};
/* End PBXGroup section */

/* Begin PBXNativeTarget section */
		A4137ED7228D806700F30546 /* Orderdrink */ = {
			isa = PBXNativeTarget;
			buildConfigurationList = A4137EEA228D806800F30546 /* Build configuration list for PBXNativeTarget "Orderdrink" */;
			buildPhases = (
				A4137ED4228D806700F30546 /* Sources */,
				A4137ED5228D806700F30546 /* Frameworks */,
				A4137ED6228D806700F30546 /* Resources */,
			);
			buildRules = (
			);
			dependencies = (
			);
			name = Orderdrink;
			productName = Orderdrink;
			productReference = A4137ED8228D806700F30546 /* Orderdrink.app */;
			productType = "com.apple.product-type.application";
		};
/* End PBXNativeTarget section */

/* Begin PBXProject section */
		A4137ED0228D806700F30546 /* Project object */ = {
			isa = PBXProject;
			attributes = {
				LastSwiftUpdateCheck = 1020;
				LastUpgradeCheck = 1020;
				ORGANIZATIONNAME = sun;
				TargetAttributes = {
					A4137ED7228D806700F30546 = {
						CreatedOnToolsVersion = 10.2.1;
					};
				};
			};
			buildConfigurationList = A4137ED3228D806700F30546 /* Build configuration list for PBXProject "Orderdrink" */;
			compatibilityVersion = "Xcode 9.3";
			developmentRegion = en;
			hasScannedForEncodings = 0;
			knownRegions = (
				en,
				Base,
			);
			mainGroup = A4137ECF228D806700F30546;
			productRefGroup = A4137ED9228D806700F30546 /* Products */;
			projectDirPath = "";
			projectRoot = "";
			targets = (
				A4137ED7228D806700F30546 /* Orderdrink */,
			);
		};
/* End PBXProject section */

/* Begin PBXResourcesBuildPhase section */
		A4137ED6228D806700F30546 /* Resources */ = {
			isa = PBXResourcesBuildPhase;
			buildActionMask = 2147483647;
			files = (
				A4137EE6228D806800F30546 /* LaunchScreen.storyboard in Resources */,
				A4137EE3228D806800F30546 /* Assets.xcassets in Resources */,
				A4137EE1228D806700F30546 /* Main.storyboard in Resources */,
			);
			runOnlyForDeploymentPostprocessing = 0;
		};
/* End PBXResourcesBuildPhase section */

/* Begin PBXSourcesBuildPhase section */
		A4137ED4228D806700F30546 /* Sources */ = {
			isa = PBXSourcesBuildPhase;
			buildActionMask = 2147483647;
			files = (
				A4635BEF228FD9ED000FC0F2 /* UpdataTVC.swift in Sources */,
				A4137EF0228D819100F30546 /* InsertTVC.swift in Sources */,
				A4137EDE228D806700F30546 /* ViewController.swift in Sources */,
				A4137EF2228D843100F30546 /* Order.swift in Sources */,
				A4137EEE228D817E00F30546 /* OrderTVC.swift in Sources */,
				A4137EDC228D806700F30546 /* AppDelegate.swift in Sources */,
			);
			runOnlyForDeploymentPostprocessing = 0;
		};
/* End PBXSourcesBuildPhase section */

/* Begin PBXVariantGroup section */
		A4137EDF228D806700F30546 /* Main.storyboard */ = {
			isa = PBXVariantGroup;
			children = (
				A4137EE0228D806700F30546 /* Base */,
			);
			name = Main.storyboard;
			sourceTree = "<group>";
		};
		A4137EE4228D806800F30546 /* LaunchScreen.storyboard */ = {
			isa = PBXVariantGroup;
			children = (
				A4137EE5228D806800F30546 /* Base */,
			);
			name = LaunchScreen.storyboard;
			sourceTree = "<group>";
		};
/* End PBXVariantGroup section */

/* Begin XCBuildConfiguration section */
		A4137EE8228D806800F30546 /* Debug */ = {
			isa = XCBuildConfiguration;
			buildSettings = {
				ALWAYS_SEARCH_USER_PATHS = NO;
				CLANG_ANALYZER_NONNULL = YES;
				CLANG_ANALYZER_NUMBER_OBJECT_CONVERSION = YES_AGGRESSIVE;
				CLANG_CXX_LANGUAGE_STANDARD = "gnu++14";
				CLANG_CXX_LIBRARY = "libc++";
				CLANG_ENABLE_MODULES = YES;
				CLANG_ENABLE_OBJC_ARC = YES;
				CLANG_ENABLE_OBJC_WEAK = YES;
				CLANG_WARN_BLOCK_CAPTURE_AUTORELEASING = YES;
				CLANG_WARN_BOOL_CONVERSION = YES;
				CLANG_WARN_COMMA = YES;
				CLANG_WARN_CONSTANT_CONVERSION = YES;
				CLANG_WARN_DEPRECATED_OBJC_IMPLEMENTATIONS = YES;
				CLANG_WARN_DIRECT_OBJC_ISA_USAGE = YES_ERROR;
				CLANG_WARN_DOCUMENTATION_COMMENTS = YES;
				CLANG_WARN_EMPTY_BODY = YES;
				CLANG_WARN_ENUM_CONVERSION = YES;
				CLANG_WARN_INFINITE_RECURSION = YES;
				CLANG_WARN_INT_CONVERSION = YES;
				CLANG_WARN_NON_LITERAL_NULL_CONVERSION = YES;
				CLANG_WARN_OBJC_IMPLICIT_RETAIN_SELF = YES;
				CLANG_WARN_OBJC_LITERAL_CONVERSION = YES;
				CLANG_WARN_OBJC_ROOT_CLASS = YES_ERROR;
				CLANG_WARN_RANGE_LOOP_ANALYSIS = YES;
				CLANG_WARN_STRICT_PROTOTYPES = YES;
				CLANG_WARN_SUSPICIOUS_MOVE = YES;
				CLANG_WARN_UNGUARDED_AVAILABILITY = YES_AGGRESSIVE;
				CLANG_WARN_UNREACHABLE_CODE = YES;
				CLANG_WARN__DUPLICATE_METHOD_MATCH = YES;
				CODE_SIGN_IDENTITY = "iPhone Developer";
				COPY_PHASE_STRIP = NO;
				DEBUG_INFORMATION_FORMAT = dwarf;
				ENABLE_STRICT_OBJC_MSGSEND = YES;
				ENABLE_TESTABILITY = YES;
				GCC_C_LANGUAGE_STANDARD = gnu11;
				GCC_DYNAMIC_NO_PIC = NO;
				GCC_NO_COMMON_BLOCKS = YES;
				GCC_OPTIMIZATION_LEVEL = 0;
				GCC_PREPROCESSOR_DEFINITIONS = (
					"DEBUG=1",
					"$(inherited)",
				);
				GCC_WARN_64_TO_32_BIT_CONVERSION = YES;
				GCC_WARN_ABOUT_RETURN_TYPE = YES_ERROR;
				GCC_WARN_UNDECLARED_SELECTOR = YES;
				GCC_WARN_UNINITIALIZED_AUTOS = YES_AGGRESSIVE;
				GCC_WARN_UNUSED_FUNCTION = YES;
				GCC_WARN_UNUSED_VARIABLE = YES;
				IPHONEOS_DEPLOYMENT_TARGET = 12.2;
				MTL_ENABLE_DEBUG_INFO = INCLUDE_SOURCE;
				MTL_FAST_MATH = YES;
				ONLY_ACTIVE_ARCH = YES;
				SDKROOT = iphoneos;
				SWIFT_ACTIVE_COMPILATION_CONDITIONS = DEBUG;
				SWIFT_OPTIMIZATION_LEVEL = "-Onone";
			};
			name = Debug;
		};
		A4137EE9228D806800F30546 /* Release */ = {
			isa = XCBuildConfiguration;
			buildSettings = {
				ALWAYS_SEARCH_USER_PATHS = NO;
				CLANG_ANALYZER_NONNULL = YES;
				CLANG_ANALYZER_NUMBER_OBJECT_CONVERSION = YES_AGGRESSIVE;
				CLANG_CXX_LANGUAGE_STANDARD = "gnu++14";
				CLANG_CXX_LIBRARY = "libc++";
				CLANG_ENABLE_MODULES = YES;
				CLANG_ENABLE_OBJC_ARC = YES;
				CLANG_ENABLE_OBJC_WEAK = YES;
				CLANG_WARN_BLOCK_CAPTURE_AUTORELEASING = YES;
				CLANG_WARN_BOOL_CONVERSION = YES;
				CLANG_WARN_COMMA = YES;
				CLANG_WARN_CONSTANT_CONVERSION = YES;
				CLANG_WARN_DEPRECATED_OBJC_IMPLEMENTATIONS = YES;
				CLANG_WARN_DIRECT_OBJC_ISA_USAGE = YES_ERROR;
				CLANG_WARN_DOCUMENTATION_COMMENTS = YES;
				CLANG_WARN_EMPTY_BODY = YES;
				CLANG_WARN_ENUM_CONVERSION = YES;
				CLANG_WARN_INFINITE_RECURSION = YES;
				CLANG_WARN_INT_CONVERSION = YES;
				CLANG_WARN_NON_LITERAL_NULL_CONVERSION = YES;
				CLANG_WARN_OBJC_IMPLICIT_RETAIN_SELF = YES;
				CLANG_WARN_OBJC_LITERAL_CONVERSION = YES;
				CLANG_WARN_OBJC_ROOT_CLASS = YES_ERROR;
				CLANG_WARN_RANGE_LOOP_ANALYSIS = YES;
				CLANG_WARN_STRICT_PROTOTYPES = YES;
				CLANG_WARN_SUSPICIOUS_MOVE = YES;
				CLANG_WARN_UNGUARDED_AVAILABILITY = YES_AGGRESSIVE;
				CLANG_WARN_UNREACHABLE_CODE = YES;
				CLANG_WARN__DUPLICATE_METHOD_MATCH = YES;
				CODE_SIGN_IDENTITY = "iPhone Developer";
				COPY_PHASE_STRIP = NO;
				DEBUG_INFORMATION_FORMAT = "dwarf-with-dsym";
				ENABLE_NS_ASSERTIONS = NO;
				ENABLE_STRICT_OBJC_MSGSEND = YES;
				GCC_C_LANGUAGE_STANDARD = gnu11;
				GCC_NO_COMMON_BLOCKS = YES;
				GCC_WARN_64_TO_32_BIT_CONVERSION = YES;
				GCC_WARN_ABOUT_RETURN_TYPE = YES_ERROR;
				GCC_WARN_UNDECLARED_SELECTOR = YES;
				GCC_WARN_UNINITIALIZED_AUTOS = YES_AGGRESSIVE;
				GCC_WARN_UNUSED_FUNCTION = YES;
				GCC_WARN_UNUSED_VARIABLE = YES;
				IPHONEOS_DEPLOYMENT_TARGET = 12.2;
				MTL_ENABLE_DEBUG_INFO = NO;
				MTL_FAST_MATH = YES;
				SDKROOT = iphoneos;
				SWIFT_COMPILATION_MODE = wholemodule;
				SWIFT_OPTIMIZATION_LEVEL = "-O";
				VALIDATE_PRODUCT = YES;
			};
			name = Release;
		};
		A4137EEB228D806800F30546 /* Debug */ = {
			isa = XCBuildConfiguration;
			buildSettings = {
				ASSETCATALOG_COMPILER_APPICON_NAME = AppIcon;
				CODE_SIGN_STYLE = Automatic;
				INFOPLIST_FILE = Orderdrink/Info.plist;
				LD_RUNPATH_SEARCH_PATHS = (
					"$(inherited)",
					"@executable_path/Frameworks",
				);
				PRODUCT_BUNDLE_IDENTIFIER = sun.text.Orderdrink;
				PRODUCT_NAME = "$(TARGET_NAME)";
				SWIFT_VERSION = 5.0;
				TARGETED_DEVICE_FAMILY = "1,2";
			};
			name = Debug;
		};
		A4137EEC228D806800F30546 /* Release */ = {
			isa = XCBuildConfiguration;
			buildSettings = {
				ASSETCATALOG_COMPILER_APPICON_NAME = AppIcon;
				CODE_SIGN_STYLE = Automatic;
				INFOPLIST_FILE = Orderdrink/Info.plist;
				LD_RUNPATH_SEARCH_PATHS = (
					"$(inherited)",
					"@executable_path/Frameworks",
				);
				PRODUCT_BUNDLE_IDENTIFIER = sun.text.Orderdrink;
				PRODUCT_NAME = "$(TARGET_NAME)";
				SWIFT_VERSION = 5.0;
				TARGETED_DEVICE_FAMILY = "1,2";
			};
			name = Release;
		};
/* End XCBuildConfiguration section */

/* Begin XCConfigurationList section */
		A4137ED3228D806700F30546 /* Build configuration list for PBXProject "Orderdrink" */ = {
			isa = XCConfigurationList;
			buildConfigurations = (
				A4137EE8228D806800F30546 /* Debug */,
				A4137EE9228D806800F30546 /* Release */,
			);
			defaultConfigurationIsVisible = 0;
			defaultConfigurationName = Release;
		};
		A4137EEA228D806800F30546 /* Build configuration list for PBXNativeTarget "Orderdrink" */ = {
			isa = XCConfigurationList;
			buildConfigurations = (
				A4137EEB228D806800F30546 /* Debug */,
				A4137EEC228D806800F30546 /* Release */,
			);
			defaultConfigurationIsVisible = 0;
			defaultConfigurationName = Release;
		};
/* End XCConfigurationList section */
	};
	rootObject = A4137ED0228D806700F30546 /* Project object */;
}
